
Microsoft Visual Studio Solution File, Format Version 12.00
# Visual Studio Version 16
VisualStudioVersion = 16.0.32413.511
MinimumVisualStudioVersion = 10.0.40219.1
Project("{8BC9CEB8-8B4A-11D0-8D11-00A0C91BC942}") = "DinoAssMthf", "DinoAssMthf\DinoAssMthf.vcxproj", "{AB47925A-67EB-4BD4-8628-28504EFAC279}"
EndProject
Global
	GlobalSection(SolutionConfigurationPlatforms) = preSolution
		Debug|x64 = Debug|x64
		Debug|x86 = Debug|x86
		Release|x64 = Release|x64
		Release|x86 = Release|x86
	EndGlobalSection
	GlobalSection(ProjectConfigurationPlatforms) = postSolution
		{AB47925A-67EB-4BD4-8628-28504EFAC279}.Debug|x64.ActiveCfg = Debug|x64
		{AB47925A-67EB-4BD4-8628-28504EFAC279}.Debug|x64.Build.0 = Debug|x64
		{AB47925A-67EB-4BD4-8628-28504EFAC279}.Debug|x86.ActiveCfg = Debug|Win32
		{AB47925A-67EB-4BD4-8628-28504EFAC279}.Debug|x86.Build.0 = Debug|Win32
		{AB47925A-67EB-4BD4-8628-28504EFAC279}.Release|x64.ActiveCfg = Release|x64
		{AB47925A-67EB-4BD4-8628-28504EFAC279}.Release|x64.Build.0 = Release|x64
		{AB47925A-67EB-4BD4-8628-28504EFAC279}.Release|x86.ActiveCfg = Release|Win32
		{AB47925A-67EB-4BD4-8628-28504EFAC279}.Release|x86.Build.0 = Release|Win32
	EndGlobalSection
	GlobalSection(SolutionProperties) = preSolution
		HideSolutionNode = FALSE
	EndGlobalSection
	GlobalSection(ExtensibilityGlobals) = postSolution
		SolutionGuid = {0F3F15DA-3EBD-4F9C-BD7F-24922D3110D2}
	EndGlobalSection
EndGlobal
